// !$*UTF8*$!
{
	archiveVersion = 1;
	classes = {
	};
	objectVersion = 46;
	objects = {

/* Begin PBXBuildFile section */
		301C1CBA1ECD493A00DC40CB /* WXReadItemModel.m in Sources */ = {isa = PBXBuildFile; fileRef = 301C1CB91ECD493A00DC40CB /* WXReadItemModel.m */; };
		301C1CBC1ECD4CF300DC40CB /* 第十二夜剧本.txt in Resources */ = {isa = PBXBuildFile; fileRef = 301C1CBB1ECD4CF300DC40CB /* 第十二夜剧本.txt */; };
		301C1CBF1ECD61CC00DC40CB /* WXBookModel.m in Sources */ = {isa = PBXBuildFile; fileRef = 301C1CBE1ECD61CC00DC40CB /* WXBookModel.m */; };
		301C1CC21ECD66BB00DC40CB /* WXBookListViewController.m in Sources */ = {isa = PBXBuildFile; fileRef = 301C1CC11ECD66BB00DC40CB /* WXBookListViewController.m */; };
		301C1CC41ECD6B9A00DC40CB /* 人质.txt in Resources */ = {isa = PBXBuildFile; fileRef = 301C1CC31ECD6B9A00DC40CB /* 人质.txt */; };
		301C1CCC1ECDA39900DC40CB /* 爱情公寓第六集(上).txt in Resources */ = {isa = PBXBuildFile; fileRef = 301C1CCB1ECDA39900DC40CB /* 爱情公寓第六集(上).txt */; };
		301C1CD01ECDAA8500DC40CB /* 爱情公寓第六集(下).txt in Resources */ = {isa = PBXBuildFile; fileRef = 301C1CCF1ECDAA8500DC40CB /* 爱情公寓第六集(下).txt */; };
		3052E2F31ECC534D00104C93 /* main.m in Sources */ = {isa = PBXBuildFile; fileRef = 3052E2F21ECC534D00104C93 /* main.m */; };
		3052E2F61ECC534D00104C93 /* AppDelegate.m in Sources */ = {isa = PBXBuildFile; fileRef = 3052E2F51ECC534D00104C93 /* AppDelegate.m */; };
		3052E2FE1ECC534D00104C93 /* Assets.xcassets in Resources */ = {isa = PBXBuildFile; fileRef = 3052E2FD1ECC534D00104C93 /* Assets.xcassets */; };
		3052E3011ECC534D00104C93 /* LaunchScreen.storyboard in Resources */ = {isa = PBXBuildFile; fileRef = 3052E2FF1ECC534D00104C93 /* LaunchScreen.storyboard */; };
		3052E30E1ECC546F00104C93 /* WXReadViewController.m in Sources */ = {isa = PBXBuildFile; fileRef = 3052E30D1ECC546F00104C93 /* WXReadViewController.m */; };
		3052E3131ECC556300104C93 /* WXReadTextCell.m in Sources */ = {isa = PBXBuildFile; fileRef = 3052E3121ECC556300104C93 /* WXReadTextCell.m */; };
		3052E3161ECC568E00104C93 /* WXReadViewModel.m in Sources */ = {isa = PBXBuildFile; fileRef = 3052E3151ECC568E00104C93 /* WXReadViewModel.m */; };
		308110A91ECE9B9500A91880 /* 哈姆雷特.txt in Resources */ = {isa = PBXBuildFile; fileRef = 308110A81ECE9B9500A91880 /* 哈姆雷特.txt */; };
/* End PBXBuildFile section */

/* Begin PBXFileReference section */
		301C1CA91ECD332700DC40CB /* WXCommonDefine.h */ = {isa = PBXFileReference; fileEncoding = 4; lastKnownFileType = sourcecode.c.h; path = WXCommonDefine.h; sourceTree = "<group>"; };
		301C1CAA1ECD334300DC40CB /* WXPrefixHeader.pch */ = {isa = PBXFileReference; fileEncoding = 4; lastKnownFileType = sourcecode.c.h; path = WXPrefixHeader.pch; sourceTree = "<group>"; };
		301C1CB81ECD493A00DC40CB /* WXReadItemModel.h */ = {isa = PBXFileReference; fileEncoding = 4; lastKnownFileType = sourcecode.c.h; path = WXReadItemModel.h; sourceTree = "<group>"; };
		301C1CB91ECD493A00DC40CB /* WXReadItemModel.m */ = {isa = PBXFileReference; fileEncoding = 4; lastKnownFileType = sourcecode.c.objc; path = WXReadItemModel.m; sourceTree = "<group>"; };
		301C1CBB1ECD4CF300DC40CB /* 第十二夜剧本.txt */ = {isa = PBXFileReference; fileEncoding = 4; lastKnownFileType = text; path = "第十二夜剧本.txt"; sourceTree = "<group>"; };
		301C1CBD1ECD61CC00DC40CB /* WXBookModel.h */ = {isa = PBXFileReference; fileEncoding = 4; lastKnownFileType = sourcecode.c.h; path = WXBookModel.h; sourceTree = "<group>"; };
		301C1CBE1ECD61CC00DC40CB /* WXBookModel.m */ = {isa = PBXFileReference; fileEncoding = 4; lastKnownFileType = sourcecode.c.objc; path = WXBookModel.m; sourceTree = "<group>"; };
		301C1CC01ECD66BB00DC40CB /* WXBookListViewController.h */ = {isa = PBXFileReference; fileEncoding = 4; lastKnownFileType = sourcecode.c.h; path = WXBookListViewController.h; sourceTree = "<group>"; };
		301C1CC11ECD66BB00DC40CB /* WXBookListViewController.m */ = {isa = PBXFileReference; fileEncoding = 4; lastKnownFileType = sourcecode.c.objc; path = WXBookListViewController.m; sourceTree = "<group>"; };
		301C1CC31ECD6B9A00DC40CB /* 人质.txt */ = {isa = PBXFileReference; fileEncoding = 4; lastKnownFileType = text; path = "人质.txt"; sourceTree = "<group>"; };
		301C1CCB1ECDA39900DC40CB /* 爱情公寓第六集(上).txt */ = {isa = PBXFileReference; fileEncoding = 4; lastKnownFileType = text; path = "爱情公寓第六集(上).txt"; sourceTree = "<group>"; };
		301C1CCF1ECDAA8500DC40CB /* 爱情公寓第六集(下).txt */ = {isa = PBXFileReference; fileEncoding = 4; lastKnownFileType = text; path = "爱情公寓第六集(下).txt"; sourceTree = "<group>"; };
		3052E2EE1ECC534D00104C93 /* WXReadDemo.app */ = {isa = PBXFileReference; explicitFileType = wrapper.application; includeInIndex = 0; path = WXReadDemo.app; sourceTree = BUILT_PRODUCTS_DIR; };
		3052E2F21ECC534D00104C93 /* main.m */ = {isa = PBXFileReference; lastKnownFileType = sourcecode.c.objc; path = main.m; sourceTree = "<group>"; };
		3052E2F41ECC534D00104C93 /* AppDelegate.h */ = {isa = PBXFileReference; lastKnownFileType = sourcecode.c.h; path = AppDelegate.h; sourceTree = "<group>"; };
		3052E2F51ECC534D00104C93 /* AppDelegate.m */ = {isa = PBXFileReference; lastKnownFileType = sourcecode.c.objc; path = AppDelegate.m; sourceTree = "<group>"; };
		3052E2FD1ECC534D00104C93 /* Assets.xcassets */ = {isa = PBXFileReference; lastKnownFileType = folder.assetcatalog; path = Assets.xcassets; sourceTree = "<group>"; };
		3052E3001ECC534D00104C93 /* Base */ = {isa = PBXFileReference; lastKnownFileType = file.storyboard; name = Base; path = Base.lproj/LaunchScreen.storyboard; sourceTree = "<group>"; };
		3052E3021ECC534D00104C93 /* Info.plist */ = {isa = PBXFileReference; lastKnownFileType = text.plist.xml; path = Info.plist; sourceTree = "<group>"; };
		3052E30C1ECC546F00104C93 /* WXReadViewController.h */ = {isa = PBXFileReference; fileEncoding = 4; lastKnownFileType = sourcecode.c.h; path = WXReadViewController.h; sourceTree = "<group>"; };
		3052E30D1ECC546F00104C93 /* WXReadViewController.m */ = {isa = PBXFileReference; fileEncoding = 4; lastKnownFileType = sourcecode.c.objc; path = WXReadViewController.m; sourceTree = "<group>"; };
		3052E3111ECC556300104C93 /* WXReadTextCell.h */ = {isa = PBXFileReference; fileEncoding = 4; lastKnownFileType = sourcecode.c.h; path = WXReadTextCell.h; sourceTree = "<group>"; };
		3052E3121ECC556300104C93 /* WXReadTextCell.m */ = {isa = PBXFileReference; fileEncoding = 4; lastKnownFileType = sourcecode.c.objc; path = WXReadTextCell.m; sourceTree = "<group>"; };
		3052E3141ECC568E00104C93 /* WXReadViewModel.h */ = {isa = PBXFileReference; fileEncoding = 4; lastKnownFileType = sourcecode.c.h; path = WXReadViewModel.h; sourceTree = "<group>"; };
		3052E3151ECC568E00104C93 /* WXReadViewModel.m */ = {isa = PBXFileReference; fileEncoding = 4; lastKnownFileType = sourcecode.c.objc; path = WXReadViewModel.m; sourceTree = "<group>"; };
		308110A81ECE9B9500A91880 /* 哈姆雷特.txt */ = {isa = PBXFileReference; fileEncoding = 4; lastKnownFileType = text; path = "哈姆雷特.txt"; sourceTree = "<group>"; };
/* End PBXFileReference section */

/* Begin PBXFrameworksBuildPhase section */
		3052E2EB1ECC534D00104C93 /* Frameworks */ = {
			isa = PBXFrameworksBuildPhase;
			buildActionMask = 2147483647;
			files = (
			);
			runOnlyForDeploymentPostprocessing = 0;
		};
/* End PBXFrameworksBuildPhase section */

/* Begin PBXGroup section */
		301C1CA81ECD331200DC40CB /* Common */ = {
			isa = PBXGroup;
			children = (
				301C1CA91ECD332700DC40CB /* WXCommonDefine.h */,
			);
			path = Common;
			sourceTree = "<group>";
		};
		301C1CAB1ECD421400DC40CB /* Resource */ = {
			isa = PBXGroup;
			children = (
				308110A81ECE9B9500A91880 /* 哈姆雷特.txt */,
				301C1CCF1ECDAA8500DC40CB /* 爱情公寓第六集(下).txt */,
				301C1CCB1ECDA39900DC40CB /* 爱情公寓第六集(上).txt */,
				301C1CC31ECD6B9A00DC40CB /* 人质.txt */,
				301C1CBB1ECD4CF300DC40CB /* 第十二夜剧本.txt */,
			);
			path = Resource;
			sourceTree = "<group>";
		};
		3052E2E51ECC534D00104C93 = {
			isa = PBXGroup;
			children = (
				3052E2F01ECC534D00104C93 /* WXReadDemo */,
				3052E2EF1ECC534D00104C93 /* Products */,
			);
			sourceTree = "<group>";
		};
		3052E2EF1ECC534D00104C93 /* Products */ = {
			isa = PBXGroup;
			children = (
				3052E2EE1ECC534D00104C93 /* WXReadDemo.app */,
			);
			name = Products;
			sourceTree = "<group>";
		};
		3052E2F01ECC534D00104C93 /* WXReadDemo */ = {
			isa = PBXGroup;
			children = (
				301C1CAB1ECD421400DC40CB /* Resource */,
				301C1CA81ECD331200DC40CB /* Common */,
				3052E30F1ECC549B00104C93 /* Model */,
				3052E3101ECC549B00104C93 /* ViewModel */,
				3052E30B1ECC545500104C93 /* Controller */,
				3052E2F41ECC534D00104C93 /* AppDelegate.h */,
				3052E2F51ECC534D00104C93 /* AppDelegate.m */,
				3052E2FD1ECC534D00104C93 /* Assets.xcassets */,
				3052E2FF1ECC534D00104C93 /* LaunchScreen.storyboard */,
				3052E3021ECC534D00104C93 /* Info.plist */,
				3052E2F11ECC534D00104C93 /* Supporting Files */,
			);
			path = WXReadDemo;
			sourceTree = "<group>";
		};
		3052E2F11ECC534D00104C93 /* Supporting Files */ = {
			isa = PBXGroup;
			children = (
				3052E2F21ECC534D00104C93 /* main.m */,
				301C1CAA1ECD334300DC40CB /* WXPrefixHeader.pch */,
			);
			name = "Supporting Files";
			sourceTree = "<group>";
		};
		3052E30B1ECC545500104C93 /* Controller */ = {
			isa = PBXGroup;
			children = (
				3052E30C1ECC546F00104C93 /* WXReadViewController.h */,
				3052E30D1ECC546F00104C93 /* WXReadViewController.m */,
				3052E3111ECC556300104C93 /* WXReadTextCell.h */,
				3052E3121ECC556300104C93 /* WXReadTextCell.m */,
				301C1CC01ECD66BB00DC40CB /* WXBookListViewController.h */,
				301C1CC11ECD66BB00DC40CB /* WXBookListViewController.m */,
			);
			path = Controller;
			sourceTree = "<group>";
		};
		3052E30F1ECC549B00104C93 /* Model */ = {
			isa = PBXGroup;
			children = (
				301C1CB81ECD493A00DC40CB /* WXReadItemModel.h */,
				301C1CB91ECD493A00DC40CB /* WXReadItemModel.m */,
				301C1CBD1ECD61CC00DC40CB /* WXBookModel.h */,
				301C1CBE1ECD61CC00DC40CB /* WXBookModel.m */,
			);
			path = Model;
			sourceTree = "<group>";
		};
		3052E3101ECC549B00104C93 /* ViewModel */ = {
			isa = PBXGroup;
			children = (
				3052E3141ECC568E00104C93 /* WXReadViewModel.h */,
				3052E3151ECC568E00104C93 /* WXReadViewModel.m */,
			);
			path = ViewModel;
			sourceTree = "<group>";
		};
/* End PBXGroup section */

/* Begin PBXNativeTarget section */
		3052E2ED1ECC534D00104C93 /* WXReadDemo */ = {
			isa = PBXNativeTarget;
			buildConfigurationList = 3052E3051ECC534D00104C93 /* Build configuration list for PBXNativeTarget "WXReadDemo" */;
			buildPhases = (
				3052E2EA1ECC534D00104C93 /* Sources */,
				3052E2EB1ECC534D00104C93 /* Frameworks */,
				3052E2EC1ECC534D00104C93 /* Resources */,
			);
			buildRules = (
			);
			dependencies = (
			);
			name = WXReadDemo;
			productName = WXReadDemo;
			productReference = 3052E2EE1ECC534D00104C93 /* WXReadDemo.app */;
			productType = "com.apple.product-type.application";
		};
/* End PBXNativeTarget section */

/* Begin PBXProject section */
		3052E2E61ECC534D00104C93 /* Project object */ = {
			isa = PBXProject;
			attributes = {
				LastUpgradeCheck = 0830;
				ORGANIZATIONNAME = wangxiao;
				TargetAttributes = {
					3052E2ED1ECC534D00104C93 = {
						CreatedOnToolsVersion = 8.3.2;
						DevelopmentTeam = TLWP697Z5D;
						ProvisioningStyle = Manual;
					};
				};
			};
			buildConfigurationList = 3052E2E91ECC534D00104C93 /* Build configuration list for PBXProject "WXReadDemo" */;
			compatibilityVersion = "Xcode 3.2";
			developmentRegion = English;
			hasScannedForEncodings = 0;
			knownRegions = (
				en,
				Base,
			);
			mainGroup = 3052E2E51ECC534D00104C93;
			productRefGroup = 3052E2EF1ECC534D00104C93 /* Products */;
			projectDirPath = "";
			projectRoot = "";
			targets = (
				3052E2ED1ECC534D00104C93 /* WXReadDemo */,
			);
		};
/* End PBXProject section */

/* Begin PBXResourcesBuildPhase section */
		3052E2EC1ECC534D00104C93 /* Resources */ = {
			isa = PBXResourcesBuildPhase;
			buildActionMask = 2147483647;
			files = (
				301C1CD01ECDAA8500DC40CB /* 爱情公寓第六集(下).txt in Resources */,
				301C1CBC1ECD4CF300DC40CB /* 第十二夜剧本.txt in Resources */,
				3052E3011ECC534D00104C93 /* LaunchScreen.storyboard in Resources */,
				301C1CCC1ECDA39900DC40CB /* 爱情公寓第六集(上).txt in Resources */,
				301C1CC41ECD6B9A00DC40CB /* 人质.txt in Resources */,
				3052E2FE1ECC534D00104C93 /* Assets.xcassets in Resources */,
				308110A91ECE9B9500A91880 /* 哈姆雷特.txt in Resources */,
			);
			runOnlyForDeploymentPostprocessing = 0;
		};
/* End PBXResourcesBuildPhase section */

/* Begin PBXSourcesBuildPhase section */
		3052E2EA1ECC534D00104C93 /* Sources */ = {
			isa = PBXSourcesBuildPhase;
			buildActionMask = 2147483647;
			files = (
				3052E2F61ECC534D00104C93 /* AppDelegate.m in Sources */,
				3052E3161ECC568E00104C93 /* WXReadViewModel.m in Sources */,
				301C1CC21ECD66BB00DC40CB /* WXBookListViewController.m in Sources */,
				3052E30E1ECC546F00104C93 /* WXReadViewController.m in Sources */,
				301C1CBF1ECD61CC00DC40CB /* WXBookModel.m in Sources */,
				3052E2F31ECC534D00104C93 /* main.m in Sources */,
				3052E3131ECC556300104C93 /* WXReadTextCell.m in Sources */,
				301C1CBA1ECD493A00DC40CB /* WXReadItemModel.m in Sources */,
			);
			runOnlyForDeploymentPostprocessing = 0;
		};
/* End PBXSourcesBuildPhase section */

/* Begin PBXVariantGroup section */
		3052E2FF1ECC534D00104C93 /* LaunchScreen.storyboard */ = {
			isa = PBXVariantGroup;
			children = (
				3052E3001ECC534D00104C93 /* Base */,
			);
			name = LaunchScreen.storyboard;
			sourceTree = "<group>";
		};
/* End PBXVariantGroup section */

/* Begin XCBuildConfiguration section */
		3052E3031ECC534D00104C93 /* Debug */ = {
			isa = XCBuildConfiguration;
			buildSettings = {
				ALWAYS_SEARCH_USER_PATHS = NO;
				CLANG_ANALYZER_NONNULL = YES;
				CLANG_ANALYZER_NUMBER_OBJECT_CONVERSION = YES_AGGRESSIVE;
				CLANG_CXX_LANGUAGE_STANDARD = "gnu++0x";
				CLANG_CXX_LIBRARY = "libc++";
				CLANG_ENABLE_MODULES = YES;
				CLANG_ENABLE_OBJC_ARC = YES;
				CLANG_WARN_BOOL_CONVERSION = YES;
				CLANG_WARN_CONSTANT_CONVERSION = YES;
				CLANG_WARN_DIRECT_OBJC_ISA_USAGE = YES_ERROR;
				CLANG_WARN_DOCUMENTATION_COMMENTS = YES;
				CLANG_WARN_EMPTY_BODY = YES;
				CLANG_WARN_ENUM_CONVERSION = YES;
				CLANG_WARN_INFINITE_RECURSION = YES;
				CLANG_WARN_INT_CONVERSION = YES;
				CLANG_WARN_OBJC_ROOT_CLASS = YES_ERROR;
				CLANG_WARN_SUSPICIOUS_MOVE = YES;
				CLANG_WARN_UNREACHABLE_CODE = YES;
				CLANG_WARN__DUPLICATE_METHOD_MATCH = YES;
				"CODE_SIGN_IDENTITY[sdk=iphoneos*]" = "iPhone Developer";
				COPY_PHASE_STRIP = NO;
				DEBUG_INFORMATION_FORMAT = dwarf;
				ENABLE_STRICT_OBJC_MSGSEND = YES;
				ENABLE_TESTABILITY = YES;
				GCC_C_LANGUAGE_STANDARD = gnu99;
				GCC_DYNAMIC_NO_PIC = NO;
				GCC_NO_COMMON_BLOCKS = YES;
				GCC_OPTIMIZATION_LEVEL = 0;
				GCC_PREPROCESSOR_DEFINITIONS = (
					"DEBUG=1",
					"$(inherited)",
				);
				GCC_WARN_64_TO_32_BIT_CONVERSION = YES;
				GCC_WARN_ABOUT_RETURN_TYPE = YES_ERROR;
				GCC_WARN_UNDECLARED_SELECTOR = YES;
				GCC_WARN_UNINITIALIZED_AUTOS = YES_AGGRESSIVE;
				GCC_WARN_UNUSED_FUNCTION = YES;
				GCC_WARN_UNUSED_VARIABLE = YES;
				IPHONEOS_DEPLOYMENT_TARGET = 10.3;
				MTL_ENABLE_DEBUG_INFO = YES;
				ONLY_ACTIVE_ARCH = YES;
				SDKROOT = iphoneos;
			};
			name = Debug;
		};
		3052E3041ECC534D00104C93 /* Release */ = {
			isa = XCBuildConfiguration;
			buildSettings = {
				ALWAYS_SEARCH_USER_PATHS = NO;
				CLANG_ANALYZER_NONNULL = YES;
				CLANG_ANALYZER_NUMBER_OBJECT_CONVERSION = YES_AGGRESSIVE;
				CLANG_CXX_LANGUAGE_STANDARD = "gnu++0x";
				CLANG_CXX_LIBRARY = "libc++";
				CLANG_ENABLE_MODULES = YES;
				CLANG_ENABLE_OBJC_ARC = YES;
				CLANG_WARN_BOOL_CONVERSION = YES;
				CLANG_WARN_CONSTANT_CONVERSION = YES;
				CLANG_WARN_DIRECT_OBJC_ISA_USAGE = YES_ERROR;
				CLANG_WARN_DOCUMENTATION_COMMENTS = YES;
				CLANG_WARN_EMPTY_BODY = YES;
				CLANG_WARN_ENUM_CONVERSION = YES;
				CLANG_WARN_INFINITE_RECURSION = YES;
				CLANG_WARN_INT_CONVERSION = YES;
				CLANG_WARN_OBJC_ROOT_CLASS = YES_ERROR;
				CLANG_WARN_SUSPICIOUS_MOVE = YES;
				CLANG_WARN_UNREACHABLE_CODE = YES;
				CLANG_WARN__DUPLICATE_METHOD_MATCH = YES;
				"CODE_SIGN_IDENTITY[sdk=iphoneos*]" = "iPhone Developer";
				COPY_PHASE_STRIP = NO;
				DEBUG_INFORMATION_FORMAT = "dwarf-with-dsym";
				ENABLE_NS_ASSERTIONS = NO;
				ENABLE_STRICT_OBJC_MSGSEND = YES;
				GCC_C_LANGUAGE_STANDARD = gnu99;
				GCC_NO_COMMON_BLOCKS = YES;
				GCC_WARN_64_TO_32_BIT_CONVERSION = YES;
				GCC_WARN_ABOUT_RETURN_TYPE = YES_ERROR;
				GCC_WARN_UNDECLARED_SELECTOR = YES;
				GCC_WARN_UNINITIALIZED_AUTOS = YES_AGGRESSIVE;
				GCC_WARN_UNUSED_FUNCTION = YES;
				GCC_WARN_UNUSED_VARIABLE = YES;
				IPHONEOS_DEPLOYMENT_TARGET = 10.3;
				MTL_ENABLE_DEBUG_INFO = NO;
				SDKROOT = iphoneos;
				VALIDATE_PRODUCT = YES;
			};
			name = Release;
		};
		3052E3061ECC534D00104C93 /* Debug */ = {
			isa = XCBuildConfiguration;
			buildSettings = {
				ASSETCATALOG_COMPILER_APPICON_NAME = AppIcon;
				CODE_SIGN_IDENTITY = "iPhone Developer: hutong syswin (2PLJ8TG44C)";
				DEVELOPMENT_TEAM = TLWP697Z5D;
				GCC_PREFIX_HEADER = WXReadDemo/WXPrefixHeader.pch;
				INFOPLIST_FILE = WXReadDemo/Info.plist;
				IPHONEOS_DEPLOYMENT_TARGET = 8.0;
				LD_RUNPATH_SEARCH_PATHS = "$(inherited) @executable_path/Frameworks";
				PRODUCT_BUNDLE_IDENTIFIER = com.systoon.enterprise.jiaoyutong;
				PRODUCT_NAME = "$(TARGET_NAME)";
				PROVISIONING_PROFILE = "482b7b6b-918a-4c2a-85d7-fd98ac2aa8ed";
				PROVISIONING_PROFILE_SPECIFIER = 6ceng.com.systoon.enterprise.jiaoyutong;
			};
			name = Debug;
		};
		3052E3071ECC534D00104C93 /* Release */ = {
			isa = XCBuildConfiguration;
			buildSettings = {
				ASSETCATALOG_COMPILER_APPICON_NAME = AppIcon;
				CODE_SIGN_IDENTITY = "iPhone Distribution: hutong syswin (YQ3XSED2BZ)";
				"CODE_SIGN_IDENTITY[sdk=iphoneos*]" = "iPhone Distribution: Beijing Syswin Internet Technology Co. Ltd.";
				DEVELOPMENT_TEAM = TLWP697Z5D;
				GCC_PREFIX_HEADER = WXReadDemo/WXPrefixHeader.pch;
				INFOPLIST_FILE = WXReadDemo/Info.plist;
				IPHONEOS_DEPLOYMENT_TARGET = 8.0;
				LD_RUNPATH_SEARCH_PATHS = "$(inherited) @executable_path/Frameworks";
				PRODUCT_BUNDLE_IDENTIFIER = com.systoon.enterprise.jiaoyutong;
				PRODUCT_NAME = "$(TARGET_NAME)";
				PROVISIONING_PROFILE = "482b7b6b-918a-4c2a-85d7-fd98ac2aa8ed";
				PROVISIONING_PROFILE_SPECIFIER = 6ceng.com.systoon.enterprise.jiaoyutong;
			};
			name = Release;
		};
/* End XCBuildConfiguration section */

/* Begin XCConfigurationList section */
		3052E2E91ECC534D00104C93 /* Build configuration list for PBXProject "WXReadDemo" */ = {
			isa = XCConfigurationList;
			buildConfigurations = (
				3052E3031ECC534D00104C93 /* Debug */,
				3052E3041ECC534D00104C93 /* Release */,
			);
			defaultConfigurationIsVisible = 0;
			defaultConfigurationName = Release;
		};
		3052E3051ECC534D00104C93 /* Build configuration list for PBXNativeTarget "WXReadDemo" */ = {
			isa = XCConfigurationList;
			buildConfigurations = (
				3052E3061ECC534D00104C93 /* Debug */,
				3052E3071ECC534D00104C93 /* Release */,
			);
			defaultConfigurationIsVisible = 0;
			defaultConfigurationName = Release;
		};
/* End XCConfigurationList section */
	};
	rootObject = 3052E2E61ECC534D00104C93 /* Project object */;
}
